
Microsoft Visual Studio Solution File, Format Version 12.00
# Visual Studio Version 16
VisualStudioVersion = 16.0.31129.286
MinimumVisualStudioVersion = 10.0.40219.1
Project("{FAE04EC0-301F-11D3-BF4B-00C04F79EFBC}") = "CatalogService", "CatalogService.csproj", "{D545E699-6F2F-42DA-9166-78F5C07D19D9}"
EndProject
Project("{FAE04EC0-301F-11D3-BF4B-00C04F79EFBC}") = "APIGateWay", "..\APIGateWay\APIGateWay.csproj", "{0A781CE3-981A-4436-A561-154BD8E78D30}"
EndProject
Global
	GlobalSection(SolutionConfigurationPlatforms) = preSolution
		Debug|Any CPU = Debug|Any CPU
		Release|Any CPU = Release|Any CPU
	EndGlobalSection
	GlobalSection(ProjectConfigurationPlatforms) = postSolution
		{D545E699-6F2F-42DA-9166-78F5C07D19D9}.Debug|Any CPU.ActiveCfg = Debug|Any CPU
		{D545E699-6F2F-42DA-9166-78F5C07D19D9}.Debug|Any CPU.Build.0 = Debug|Any CPU
		{D545E699-6F2F-42DA-9166-78F5C07D19D9}.Release|Any CPU.ActiveCfg = Release|Any CPU
		{D545E699-6F2F-42DA-9166-78F5C07D19D9}.Release|Any CPU.Build.0 = Release|Any CPU
		{0A781CE3-981A-4436-A561-154BD8E78D30}.Debug|Any CPU.ActiveCfg = Debug|Any CPU
		{0A781CE3-981A-4436-A561-154BD8E78D30}.Debug|Any CPU.Build.0 = Debug|Any CPU
		{0A781CE3-981A-4436-A561-154BD8E78D30}.Release|Any CPU.ActiveCfg = Release|Any CPU
		{0A781CE3-981A-4436-A561-154BD8E78D30}.Release|Any CPU.Build.0 = Release|Any CPU
	EndGlobalSection
	GlobalSection(SolutionProperties) = preSolution
		HideSolutionNode = FALSE
	EndGlobalSection
	GlobalSection(ExtensibilityGlobals) = postSolution
		SolutionGuid = {8CF77087-FFD8-49A2-91B8-679074F6763C}
	EndGlobalSection
EndGlobal
